
Microsoft Visual Studio Solution File, Format Version 12.00
Project("{FAE04EC0-301F-11D3-BF4B-00C04F79EFBC}") = "GoProFixer", "GoProFixer\GoProFixer.csproj", "{1A3373F3-C3D6-410D-A2BF-58C23BC23986}"
EndProject
Global
	GlobalSection(SolutionConfigurationPlatforms) = preSolution
		Debug|Any CPU = Debug|Any CPU
		Release|Any CPU = Release|Any CPU
	EndGlobalSection
	GlobalSection(ProjectConfigurationPlatforms) = postSolution
		{1A3373F3-C3D6-410D-A2BF-58C23BC23986}.Debug|Any CPU.ActiveCfg = Debug|Any CPU
		{1A3373F3-C3D6-410D-A2BF-58C23BC23986}.Debug|Any CPU.Build.0 = Debug|Any CPU
		{1A3373F3-C3D6-410D-A2BF-58C23BC23986}.Release|Any CPU.ActiveCfg = Release|Any CPU
		{1A3373F3-C3D6-410D-A2BF-58C23BC23986}.Release|Any CPU.Build.0 = Release|Any CPU
	EndGlobalSection
EndGlobal
