
Microsoft Visual Studio Solution File, Format Version 12.00
# Visual Studio Version 16
VisualStudioVersion = 16.0.31205.134
MinimumVisualStudioVersion = 10.0.40219.1
Project("{9A19103F-16F7-4668-BE54-9A1E7A4F7556}") = "GoProFixer", "GoProFixer\GoProFixer.csproj", "{1A3373F3-C3D6-410D-A2BF-58C23BC23986}"
EndProject
Project("{9A19103F-16F7-4668-BE54-9A1E7A4F7556}") = "GoProFixer.UI", "GoProFixer.UI\GoProFixer.UI.csproj", "{ECA7CB97-5D65-4E3C-9CCD-B01F071C377F}"
EndProject
Project("{FAE04EC0-301F-11D3-BF4B-00C04F79EFBC}") = "GoProFixer.Test", "GoProFixer.Test\GoProFixer.Test.csproj", "{AF3EB4C3-9B47-414F-B630-C13BD26BA8AE}"
EndProject
Global
	GlobalSection(SolutionConfigurationPlatforms) = preSolution
		Debug|Any CPU = Debug|Any CPU
		Release|Any CPU = Release|Any CPU
	EndGlobalSection
	GlobalSection(ProjectConfigurationPlatforms) = postSolution
		{1A3373F3-C3D6-410D-A2BF-58C23BC23986}.Debug|Any CPU.ActiveCfg = Debug|Any CPU
		{1A3373F3-C3D6-410D-A2BF-58C23BC23986}.Debug|Any CPU.Build.0 = Debug|Any CPU
		{1A3373F3-C3D6-410D-A2BF-58C23BC23986}.Release|Any CPU.ActiveCfg = Release|Any CPU
		{1A3373F3-C3D6-410D-A2BF-58C23BC23986}.Release|Any CPU.Build.0 = Release|Any CPU
		{ECA7CB97-5D65-4E3C-9CCD-B01F071C377F}.Debug|Any CPU.ActiveCfg = Debug|Any CPU
		{ECA7CB97-5D65-4E3C-9CCD-B01F071C377F}.Debug|Any CPU.Build.0 = Debug|Any CPU
		{ECA7CB97-5D65-4E3C-9CCD-B01F071C377F}.Release|Any CPU.ActiveCfg = Release|Any CPU
		{ECA7CB97-5D65-4E3C-9CCD-B01F071C377F}.Release|Any CPU.Build.0 = Release|Any CPU
		{AF3EB4C3-9B47-414F-B630-C13BD26BA8AE}.Debug|Any CPU.ActiveCfg = Debug|Any CPU
		{AF3EB4C3-9B47-414F-B630-C13BD26BA8AE}.Debug|Any CPU.Build.0 = Debug|Any CPU
		{AF3EB4C3-9B47-414F-B630-C13BD26BA8AE}.Release|Any CPU.ActiveCfg = Release|Any CPU
		{AF3EB4C3-9B47-414F-B630-C13BD26BA8AE}.Release|Any CPU.Build.0 = Release|Any CPU
	EndGlobalSection
	GlobalSection(SolutionProperties) = preSolution
		HideSolutionNode = FALSE
	EndGlobalSection
	GlobalSection(ExtensibilityGlobals) = postSolution
		SolutionGuid = {6137BED7-5A52-46D7-86C0-9C3DF22AD80F}
	EndGlobalSection
EndGlobal
